
Microsoft Visual Studio Solution File, Format Version 12.00
# Visual Studio Version 16
VisualStudioVersion = 16.0.31025.194
MinimumVisualStudioVersion = 10.0.40219.1
Project("{FAE04EC0-301F-11D3-BF4B-00C04F79EFBC}") = "labs_forms", "labs_forms\labs_forms.csproj", "{B178CC43-0168-4614-912E-962FABBF84D7}"
EndProject
Global
	GlobalSection(SolutionConfigurationPlatforms) = preSolution
		Debug|Any CPU = Debug|Any CPU
		Release|Any CPU = Release|Any CPU
	EndGlobalSection
	GlobalSection(ProjectConfigurationPlatforms) = postSolution
		{B178CC43-0168-4614-912E-962FABBF84D7}.Debug|Any CPU.ActiveCfg = Debug|Any CPU
		{B178CC43-0168-4614-912E-962FABBF84D7}.Debug|Any CPU.Build.0 = Debug|Any CPU
		{B178CC43-0168-4614-912E-962FABBF84D7}.Release|Any CPU.ActiveCfg = Release|Any CPU
		{B178CC43-0168-4614-912E-962FABBF84D7}.Release|Any CPU.Build.0 = Release|Any CPU
	EndGlobalSection
	GlobalSection(SolutionProperties) = preSolution
		HideSolutionNode = FALSE
	EndGlobalSection
	GlobalSection(ExtensibilityGlobals) = postSolution
		SolutionGuid = {97926160-9409-4ECD-8B55-EC5D986BE711}
	EndGlobalSection
EndGlobal
